
Microsoft Visual Studio Solution File, Format Version 12.00
# Visual Studio Version 17
VisualStudioVersion = 17.6.33801.468
MinimumVisualStudioVersion = 10.0.40219.1
Project("{FAE04EC0-301F-11D3-BF4B-00C04F79EFBC}") = "web-api-restaurante", "web-api-restaurante\web-api-restaurante.csproj", "{5668979B-0249-4771-8E3D-60EAC7D7ECD8}"
EndProject
Global
	GlobalSection(SolutionConfigurationPlatforms) = preSolution
		Debug|Any CPU = Debug|Any CPU
		Release|Any CPU = Release|Any CPU
	EndGlobalSection
	GlobalSection(ProjectConfigurationPlatforms) = postSolution
		{5668979B-0249-4771-8E3D-60EAC7D7ECD8}.Debug|Any CPU.ActiveCfg = Debug|Any CPU
		{5668979B-0249-4771-8E3D-60EAC7D7ECD8}.Debug|Any CPU.Build.0 = Debug|Any CPU
		{5668979B-0249-4771-8E3D-60EAC7D7ECD8}.Release|Any CPU.ActiveCfg = Release|Any CPU
		{5668979B-0249-4771-8E3D-60EAC7D7ECD8}.Release|Any CPU.Build.0 = Release|Any CPU
	EndGlobalSection
	GlobalSection(SolutionProperties) = preSolution
		HideSolutionNode = FALSE
	EndGlobalSection
	GlobalSection(ExtensibilityGlobals) = postSolution
		SolutionGuid = {B0E2EBA3-6B4D-4C64-B631-D5B3AF8A810A}
	EndGlobalSection
EndGlobal
